
Microsoft Visual Studio Solution File, Format Version 12.00
# Visual Studio Version 17
VisualStudioVersion = 17.11.35312.102
MinimumVisualStudioVersion = 10.0.40219.1
Project("{9A19103F-16F7-4668-BE54-9A1E7A4F7556}") = "Domain", "Domain.csproj", "{6938857A-4BE6-486B-817F-2F373382E685}"
EndProject
Global
	GlobalSection(SolutionConfigurationPlatforms) = preSolution
		Debug|Any CPU = Debug|Any CPU
		Release|Any CPU = Release|Any CPU
	EndGlobalSection
	GlobalSection(ProjectConfigurationPlatforms) = postSolution
		{6938857A-4BE6-486B-817F-2F373382E685}.Debug|Any CPU.ActiveCfg = Debug|Any CPU
		{6938857A-4BE6-486B-817F-2F373382E685}.Debug|Any CPU.Build.0 = Debug|Any CPU
		{6938857A-4BE6-486B-817F-2F373382E685}.Release|Any CPU.ActiveCfg = Release|Any CPU
		{6938857A-4BE6-486B-817F-2F373382E685}.Release|Any CPU.Build.0 = Release|Any CPU
	EndGlobalSection
	GlobalSection(SolutionProperties) = preSolution
		HideSolutionNode = FALSE
	EndGlobalSection
	GlobalSection(ExtensibilityGlobals) = postSolution
		SolutionGuid = {F0D42EC2-588F-456E-8C1D-E1BA16B1D8D4}
	EndGlobalSection
EndGlobal
